
Microsoft Visual Studio Solution File, Format Version 12.00
# Visual Studio 15
VisualStudioVersion = 15.0.28307.271
MinimumVisualStudioVersion = 10.0.40219.1
Project("{FAE04EC0-301F-11D3-BF4B-00C04F79EFBC}") = "AlmacenImporting", "AlmacenImporting\AlmacenImporting.csproj", "{1492DFD0-69AF-446F-9ACE-06243F9A880E}"
EndProject
Global
	GlobalSection(SolutionConfigurationPlatforms) = preSolution
		Debug|Any CPU = Debug|Any CPU
		Release|Any CPU = Release|Any CPU
	EndGlobalSection
	GlobalSection(ProjectConfigurationPlatforms) = postSolution
		{1492DFD0-69AF-446F-9ACE-06243F9A880E}.Debug|Any CPU.ActiveCfg = Debug|Any CPU
		{1492DFD0-69AF-446F-9ACE-06243F9A880E}.Debug|Any CPU.Build.0 = Debug|Any CPU
		{1492DFD0-69AF-446F-9ACE-06243F9A880E}.Release|Any CPU.ActiveCfg = Release|Any CPU
		{1492DFD0-69AF-446F-9ACE-06243F9A880E}.Release|Any CPU.Build.0 = Release|Any CPU
	EndGlobalSection
	GlobalSection(SolutionProperties) = preSolution
		HideSolutionNode = FALSE
	EndGlobalSection
	GlobalSection(ExtensibilityGlobals) = postSolution
		SolutionGuid = {C17F2B22-891F-4351-93BB-D8B45DD98B04}
	EndGlobalSection
EndGlobal
